# This file is automatically @generated by Cargo.
# It is not intended for manual editing.
[[package]]
name = "benchmarking"
version = "0.4.9"
source = "registry+https://github.com/rust-lang/crates.io-index"
checksum = "25e35e99e771619845e2158e06e2d6641332566740e43a51d48b23a1971d55f1"

[[package]]
name = "fibonacci"
version = "0.1.0"
dependencies = [
 "benchmarking",
]
